
Microsoft Visual Studio Solution File, Format Version 12.00
# Visual Studio Version 17
VisualStudioVersion = 17.14.36408.4 d17.14
MinimumVisualStudioVersion = 10.0.40219.1
Project("{FAE04EC0-301F-11D3-BF4B-00C04F79EFBC}") = "AzDoAgentScaler", "AzDoAgentScaler.csproj", "{94EDDD62-C040-4CEA-9B4E-F43C7FFD491A}"
EndProject
Global
	GlobalSection(SolutionConfigurationPlatforms) = preSolution
		Debug|Any CPU = Debug|Any CPU
		Release|Any CPU = Release|Any CPU
	EndGlobalSection
	GlobalSection(ProjectConfigurationPlatforms) = postSolution
		{94EDDD62-C040-4CEA-9B4E-F43C7FFD491A}.Debug|Any CPU.ActiveCfg = Debug|Any CPU
		{94EDDD62-C040-4CEA-9B4E-F43C7FFD491A}.Debug|Any CPU.Build.0 = Debug|Any CPU
		{94EDDD62-C040-4CEA-9B4E-F43C7FFD491A}.Release|Any CPU.ActiveCfg = Release|Any CPU
		{94EDDD62-C040-4CEA-9B4E-F43C7FFD491A}.Release|Any CPU.Build.0 = Release|Any CPU
	EndGlobalSection
	GlobalSection(SolutionProperties) = preSolution
		HideSolutionNode = FALSE
	EndGlobalSection
	GlobalSection(ExtensibilityGlobals) = postSolution
		SolutionGuid = {AFF1DF31-6CF6-47B1-AEC1-369A6960111D}
	EndGlobalSection
EndGlobal
